
Microsoft Visual Studio Solution File, Format Version 12.00
# Visual Studio Version 17
VisualStudioVersion = 17.10.34928.147
MinimumVisualStudioVersion = 10.0.40219.1
Project("{9A19103F-16F7-4668-BE54-9A1E7A4F7556}") = "Car", "Car\Car.csproj", "{BF75F34D-FA73-4B9F-9743-96077E1743A0}"
EndProject
Project("{9A19103F-16F7-4668-BE54-9A1E7A4F7556}") = "BankAccount", "BankAccount\BankAccount.csproj", "{21A1613E-C4C5-4188-B452-DB42E6497439}"
EndProject
Project("{9A19103F-16F7-4668-BE54-9A1E7A4F7556}") = "Basics", "Basics\Basics.csproj", "{8CBD3EB5-95FA-4857-A7B9-83E9488F0D70}"
EndProject
Project("{9A19103F-16F7-4668-BE54-9A1E7A4F7556}") = "Playground", "Playground\Playground.csproj", "{4EF65E0E-DC72-4FC5-B675-AB5A0318A377}"
EndProject
Project("{9A19103F-16F7-4668-BE54-9A1E7A4F7556}") = "Lists", "Lists\Lists.csproj", "{4307BA77-3416-42F3-B16A-F4C8BBA06C54}"
EndProject
Project("{FAE04EC0-301F-11D3-BF4B-00C04F79EFBC}") = "WeatherApp", "WeatherApp\WeatherApp.csproj", "{002DD0A1-7F87-4B51-8E15-DF21B6D1DBCB}"
EndProject
Project("{9A19103F-16F7-4668-BE54-9A1E7A4F7556}") = "Dictionaries", "Dictionaries\Dictionaries.csproj", "{9B9A753A-766B-4016-8DFD-3C7119137A40}"
EndProject
Project("{FAE04EC0-301F-11D3-BF4B-00C04F79EFBC}") = "SwitchAndEnum", "SwitchAndEnum\SwitchAndEnum.csproj", "{6B754337-9F7F-4B55-A8EB-D2F1E6783B60}"
EndProject
Global
	GlobalSection(SolutionConfigurationPlatforms) = preSolution
		Debug|Any CPU = Debug|Any CPU
		Release|Any CPU = Release|Any CPU
	EndGlobalSection
	GlobalSection(ProjectConfigurationPlatforms) = postSolution
		{BF75F34D-FA73-4B9F-9743-96077E1743A0}.Debug|Any CPU.ActiveCfg = Debug|Any CPU
		{BF75F34D-FA73-4B9F-9743-96077E1743A0}.Debug|Any CPU.Build.0 = Debug|Any CPU
		{BF75F34D-FA73-4B9F-9743-96077E1743A0}.Release|Any CPU.ActiveCfg = Release|Any CPU
		{BF75F34D-FA73-4B9F-9743-96077E1743A0}.Release|Any CPU.Build.0 = Release|Any CPU
		{21A1613E-C4C5-4188-B452-DB42E6497439}.Debug|Any CPU.ActiveCfg = Debug|Any CPU
		{21A1613E-C4C5-4188-B452-DB42E6497439}.Debug|Any CPU.Build.0 = Debug|Any CPU
		{21A1613E-C4C5-4188-B452-DB42E6497439}.Release|Any CPU.ActiveCfg = Release|Any CPU
		{21A1613E-C4C5-4188-B452-DB42E6497439}.Release|Any CPU.Build.0 = Release|Any CPU
		{8CBD3EB5-95FA-4857-A7B9-83E9488F0D70}.Debug|Any CPU.ActiveCfg = Debug|Any CPU
		{8CBD3EB5-95FA-4857-A7B9-83E9488F0D70}.Debug|Any CPU.Build.0 = Debug|Any CPU
		{8CBD3EB5-95FA-4857-A7B9-83E9488F0D70}.Release|Any CPU.ActiveCfg = Release|Any CPU
		{8CBD3EB5-95FA-4857-A7B9-83E9488F0D70}.Release|Any CPU.Build.0 = Release|Any CPU
		{4EF65E0E-DC72-4FC5-B675-AB5A0318A377}.Debug|Any CPU.ActiveCfg = Debug|Any CPU
		{4EF65E0E-DC72-4FC5-B675-AB5A0318A377}.Debug|Any CPU.Build.0 = Debug|Any CPU
		{4EF65E0E-DC72-4FC5-B675-AB5A0318A377}.Release|Any CPU.ActiveCfg = Release|Any CPU
		{4EF65E0E-DC72-4FC5-B675-AB5A0318A377}.Release|Any CPU.Build.0 = Release|Any CPU
		{4307BA77-3416-42F3-B16A-F4C8BBA06C54}.Debug|Any CPU.ActiveCfg = Debug|Any CPU
		{4307BA77-3416-42F3-B16A-F4C8BBA06C54}.Debug|Any CPU.Build.0 = Debug|Any CPU
		{4307BA77-3416-42F3-B16A-F4C8BBA06C54}.Release|Any CPU.ActiveCfg = Release|Any CPU
		{4307BA77-3416-42F3-B16A-F4C8BBA06C54}.Release|Any CPU.Build.0 = Release|Any CPU
		{002DD0A1-7F87-4B51-8E15-DF21B6D1DBCB}.Debug|Any CPU.ActiveCfg = Debug|Any CPU
		{002DD0A1-7F87-4B51-8E15-DF21B6D1DBCB}.Debug|Any CPU.Build.0 = Debug|Any CPU
		{002DD0A1-7F87-4B51-8E15-DF21B6D1DBCB}.Release|Any CPU.ActiveCfg = Release|Any CPU
		{002DD0A1-7F87-4B51-8E15-DF21B6D1DBCB}.Release|Any CPU.Build.0 = Release|Any CPU
		{9B9A753A-766B-4016-8DFD-3C7119137A40}.Debug|Any CPU.ActiveCfg = Debug|Any CPU
		{9B9A753A-766B-4016-8DFD-3C7119137A40}.Debug|Any CPU.Build.0 = Debug|Any CPU
		{9B9A753A-766B-4016-8DFD-3C7119137A40}.Release|Any CPU.ActiveCfg = Release|Any CPU
		{9B9A753A-766B-4016-8DFD-3C7119137A40}.Release|Any CPU.Build.0 = Release|Any CPU
		{6B754337-9F7F-4B55-A8EB-D2F1E6783B60}.Debug|Any CPU.ActiveCfg = Debug|Any CPU
		{6B754337-9F7F-4B55-A8EB-D2F1E6783B60}.Debug|Any CPU.Build.0 = Debug|Any CPU
		{6B754337-9F7F-4B55-A8EB-D2F1E6783B60}.Release|Any CPU.ActiveCfg = Release|Any CPU
		{6B754337-9F7F-4B55-A8EB-D2F1E6783B60}.Release|Any CPU.Build.0 = Release|Any CPU
	EndGlobalSection
	GlobalSection(SolutionProperties) = preSolution
		HideSolutionNode = FALSE
	EndGlobalSection
	GlobalSection(ExtensibilityGlobals) = postSolution
		SolutionGuid = {7504D9B5-B863-48E3-89F1-D329FCBA13BC}
	EndGlobalSection
EndGlobal
